
Microsoft Visual Studio Solution File, Format Version 12.00
# Visual Studio Version 16
VisualStudioVersion = 16.0.29728.190
MinimumVisualStudioVersion = 10.0.40219.1
Project("{FAE04EC0-301F-11D3-BF4B-00C04F79EFBC}") = "Ferris Toolkit Collection", "Ferris Toolkit Collection\Ferris Toolkit Collection.csproj", "{777B18C7-BCC3-4079-9173-2D049916E7F1}"
EndProject
Global
	GlobalSection(SolutionConfigurationPlatforms) = preSolution
		Debug|Any CPU = Debug|Any CPU
		Release|Any CPU = Release|Any CPU
	EndGlobalSection
	GlobalSection(ProjectConfigurationPlatforms) = postSolution
		{777B18C7-BCC3-4079-9173-2D049916E7F1}.Debug|Any CPU.ActiveCfg = Debug|Any CPU
		{777B18C7-BCC3-4079-9173-2D049916E7F1}.Debug|Any CPU.Build.0 = Debug|Any CPU
		{777B18C7-BCC3-4079-9173-2D049916E7F1}.Release|Any CPU.ActiveCfg = Release|Any CPU
		{777B18C7-BCC3-4079-9173-2D049916E7F1}.Release|Any CPU.Build.0 = Release|Any CPU
	EndGlobalSection
	GlobalSection(SolutionProperties) = preSolution
		HideSolutionNode = FALSE
	EndGlobalSection
	GlobalSection(ExtensibilityGlobals) = postSolution
		SolutionGuid = {CEAA3FA8-88F3-4D89-88BE-A34E36D72091}
	EndGlobalSection
EndGlobal
